# THIS IS AN AUTOGENERATED FILE. DO NOT EDIT THIS FILE DIRECTLY.
# yarn lockfile v1


apexcharts@^3.17.0:
  version "3.17.0"
  resolved "https://registry.yarnpkg.com/apexcharts/-/apexcharts-3.17.0.tgz#53fd87fa899373ad04784d86c17b54019ec1fdab"
  integrity sha512-h72kJQzX/OWsdWPD/WTWYUctmZVKcuNzqca2MxXb9lmauD/5R+IAKLMHpsDeSMTA9UcmedkWIcjnnWvYrVUzhw==
  dependencies:
    svg.draggable.js "^2.2.2"
    svg.easing.js "^2.0.0"
    svg.filter.js "^2.0.2"
    svg.pathmorphing.js "^0.1.3"
    svg.resize.js "^1.4.3"
    svg.select.js "^3.0.1"

"js-tokens@^3.0.0 || ^4.0.0":
  version "4.0.0"
  resolved "https://registry.yarnpkg.com/js-tokens/-/js-tokens-4.0.0.tgz#19203fb59991df98e3a287050d4647cdeaf32499"
  integrity sha512-RdJUflcE3cUzKiMqQgsCu06FPu9UdIJO0beYbPhHN4k6apgJtifcoCtT9bcxOpYBtpD2kCM6Sbzg4CausW/PKQ==

loose-envify@^1.4.0:
  version "1.4.0"
  resolved "https://registry.yarnpkg.com/loose-envify/-/loose-envify-1.4.0.tgz#71ee51fa7be4caec1a63839f7e682d8132d30caf"
  integrity sha512-lyuxPGr/Wfhrlem2CL/UcnUc1zcqKAImBDzukY7Y5F/yQiNdko6+fRLevlw1HgMySw7f611UIY408EtxRSoK3Q==
  dependencies:
    js-tokens "^3.0.0 || ^4.0.0"

object-assign@^4.1.1:
  version "4.1.1"
  resolved "https://registry.yarnpkg.com/object-assign/-/object-assign-4.1.1.tgz#2109adc7965887cfc05cbbd442cac8bfbb360863"
  integrity sha1-IQmtx5ZYh8/AXLvUQsrIv7s2CGM=

prop-types@^15.5.7:
  version "15.7.2"
  resolved "https://registry.yarnpkg.com/prop-types/-/prop-types-15.7.2.tgz#52c41e75b8c87e72b9d9360e0206b99dcbffa6c5"
  integrity sha512-8QQikdH7//R2vurIJSutZ1smHYTcLpRWEOlHnzcWHmBYrOGUysKwSsrC89BCiFj3CbrfJ/nXFdJepOVrY1GCHQ==
  dependencies:
    loose-envify "^1.4.0"
    object-assign "^4.1.1"
    react-is "^16.8.1"

react-apexcharts@^1.3.6:
  version "1.3.6"
  resolved "https://registry.yarnpkg.com/react-apexcharts/-/react-apexcharts-1.3.6.tgz#6c06e5dacfddd0e0373ec8f614503e655c049122"
  integrity sha512-ahpMOnuw1ZdD3/fkk9MYRLpqYQ66cZz72+he1R00HaT1VcSjfYc9editQDhE2jGRDuxubmaxVcO3z4FtAk5N0w==
  dependencies:
    prop-types "^15.5.7"

react-is@^16.8.1:
  version "16.13.1"
  resolved "https://registry.yarnpkg.com/react-is/-/react-is-16.13.1.tgz#789729a4dc36de2999dc156dd6c1d9c18cea56a4"
  integrity sha512-24e6ynE2H+OKt4kqsOvNd8kBpV65zoxbA4BVsEOB3ARVWQki/DHzaUoC5KuON/BiccDaCCTZBuOcfZs70kR8bQ==

svg.draggable.js@^2.2.2:
  version "2.2.2"
  resolved "https://registry.yarnpkg.com/svg.draggable.js/-/svg.draggable.js-2.2.2.tgz#c514a2f1405efb6f0263e7958f5b68fce50603ba"
  integrity sha512-JzNHBc2fLQMzYCZ90KZHN2ohXL0BQJGQimK1kGk6AvSeibuKcIdDX9Kr0dT9+UJ5O8nYA0RB839Lhvk4CY4MZw==
  dependencies:
    svg.js "^2.0.1"

svg.easing.js@^2.0.0:
  version "2.0.0"
  resolved "https://registry.yarnpkg.com/svg.easing.js/-/svg.easing.js-2.0.0.tgz#8aa9946b0a8e27857a5c40a10eba4091e5691f12"
  integrity sha1-iqmUawqOJ4V6XEChDrpAkeVpHxI=
  dependencies:
    svg.js ">=2.3.x"

svg.filter.js@^2.0.2:
  version "2.0.2"
  resolved "https://registry.yarnpkg.com/svg.filter.js/-/svg.filter.js-2.0.2.tgz#91008e151389dd9230779fcbe6e2c9a362d1c203"
  integrity sha1-kQCOFROJ3ZIwd5/L5uLJo2LRwgM=
  dependencies:
    svg.js "^2.2.5"

svg.js@>=2.3.x, svg.js@^2.0.1, svg.js@^2.2.5, svg.js@^2.4.0, svg.js@^2.6.5:
  version "2.7.1"
  resolved "https://registry.yarnpkg.com/svg.js/-/svg.js-2.7.1.tgz#eb977ed4737001eab859949b4a398ee1bb79948d"
  integrity sha512-ycbxpizEQktk3FYvn/8BH+6/EuWXg7ZpQREJvgacqn46gIddG24tNNe4Son6omdXCnSOaApnpZw6MPCBA1dODA==

svg.pathmorphing.js@^0.1.3:
  version "0.1.3"
  resolved "https://registry.yarnpkg.com/svg.pathmorphing.js/-/svg.pathmorphing.js-0.1.3.tgz#c25718a1cc7c36e852ecabc380e758ac09bb2b65"
  integrity sha512-49HWI9X4XQR/JG1qXkSDV8xViuTLIWm/B/7YuQELV5KMOPtXjiwH4XPJvr/ghEDibmLQ9Oc22dpWpG0vUDDNww==
  dependencies:
    svg.js "^2.4.0"

svg.resize.js@^1.4.3:
  version "1.4.3"
  resolved "https://registry.yarnpkg.com/svg.resize.js/-/svg.resize.js-1.4.3.tgz#885abd248e0cd205b36b973c4b578b9a36f23332"
  integrity sha512-9k5sXJuPKp+mVzXNvxz7U0uC9oVMQrrf7cFsETznzUDDm0x8+77dtZkWdMfRlmbkEEYvUn9btKuZ3n41oNA+uw==
  dependencies:
    svg.js "^2.6.5"
    svg.select.js "^2.1.2"

svg.select.js@^2.1.2:
  version "2.1.2"
  resolved "https://registry.yarnpkg.com/svg.select.js/-/svg.select.js-2.1.2.tgz#e41ce13b1acff43a7441f9f8be87a2319c87be73"
  integrity sha512-tH6ABEyJsAOVAhwcCjF8mw4crjXSI1aa7j2VQR8ZuJ37H2MBUbyeqYr5nEO7sSN3cy9AR9DUwNg0t/962HlDbQ==
  dependencies:
    svg.js "^2.2.5"

svg.select.js@^3.0.1:
  version "3.0.1"
  resolved "https://registry.yarnpkg.com/svg.select.js/-/svg.select.js-3.0.1.tgz#a4198e359f3825739226415f82176a90ea5cc917"
  integrity sha512-h5IS/hKkuVCbKSieR9uQCj9w+zLHoPh+ce19bBYyqF53g6mnPB8sAtIbe1s9dh2S2fCmYX2xel1Ln3PJBbK4kw==
  dependencies:
    svg.js "^2.6.5"
